github.com/golang/protobuf v1.3.1 h1:YF8+flBXS5eO826T4nzqPrxfhQThhXl0YzfuUPu4SBg=
github.com/golang/protobuf v1.3.1/go.mod h1:6lQm79b+lXiMfvg/cZm0SGofjICqVBUtrP5yJMmIC1U=
github.com/gqlc/compiler v0.3.5 h1:uWHY6DUMOaAD/5YV6HyMqIBnLZkoGxn+VT/iYlNXBGA=
github.com/gqlc/compiler v0.3.5/go.mod h1:a1p4TKA8yd9bclLkS7ji6p9qtqHv+su1xnPZV1bU+r8=
github.com/gqlc/graphql v0.3.1 h1:+WTul7ZP7e0uxSejkZL6YH7CsaONQyrkaEKyJGRZ48I=
github.com/gqlc/graphql v0.3.1/go.mod h1:jhO1277h2Dw3FA30x14W//NkRmU+7cZxb3S+Vls1bsM=
